
Microsoft Visual Studio Solution File, Format Version 12.00
# Visual Studio 2012
Project("{FAE04EC0-301F-11D3-BF4B-00C04F79EFBC}") = "AdoNetSpike", "AdoNetSpike.csproj", "{D6720315-43F0-47F8-882B-6FDF1D1F5CA9}"
EndProject
Global
	GlobalSection(SolutionConfigurationPlatforms) = preSolution
		Debug|Any CPU = Debug|Any CPU
		Release|Any CPU = Release|Any CPU
	EndGlobalSection
	GlobalSection(ProjectConfigurationPlatforms) = postSolution
		{D6720315-43F0-47F8-882B-6FDF1D1F5CA9}.Debug|Any CPU.ActiveCfg = Debug|Any CPU
		{D6720315-43F0-47F8-882B-6FDF1D1F5CA9}.Debug|Any CPU.Build.0 = Debug|Any CPU
		{D6720315-43F0-47F8-882B-6FDF1D1F5CA9}.Release|Any CPU.ActiveCfg = Release|Any CPU
		{D6720315-43F0-47F8-882B-6FDF1D1F5CA9}.Release|Any CPU.Build.0 = Release|Any CPU
	EndGlobalSection
	GlobalSection(SolutionProperties) = preSolution
		HideSolutionNode = FALSE
	EndGlobalSection
EndGlobal
